// !$*UTF8*$!
{
	archiveVersion = 1;
	classes = {
	};
	objectVersion = 50;
	objects = {

/* Begin PBXBuildFile section */
		F212004727C966150091101A /* iOSApp.swift in Sources */ = {isa = PBXBuildFile; fileRef = F212004627C966150091101A /* iOSApp.swift */; };
		F212004B27C966180091101A /* Assets.xcassets in Resources */ = {isa = PBXBuildFile; fileRef = F212004A27C966180091101A /* Assets.xcassets */; };
		F212004E27C966180091101A /* Preview Assets.xcassets in Resources */ = {isa = PBXBuildFile; fileRef = F212004D27C966180091101A /* Preview Assets.xcassets */; };
		F212005327C966710091101A /* NestedButtonStyleExample.swift in Sources */ = {isa = PBXBuildFile; fileRef = F212005227C966710091101A /* NestedButtonStyleExample.swift */; };
		F2568D222603A69400B8B280 /* macOSApp.swift in Sources */ = {isa = PBXBuildFile; fileRef = F2568D212603A69400B8B280 /* macOSApp.swift */; };
		F2568D242603A69400B8B280 /* CursorUnreliableView.swift in Sources */ = {isa = PBXBuildFile; fileRef = F2568D232603A69400B8B280 /* CursorUnreliableView.swift */; };
		F2568D372603AAED00B8B280 /* NestedHoverView.swift in Sources */ = {isa = PBXBuildFile; fileRef = F2568D362603AAED00B8B280 /* NestedHoverView.swift */; };
		F2568D3A2603AB9B00B8B280 /* ScrollViewIndicatorsView.swift in Sources */ = {isa = PBXBuildFile; fileRef = F2568D392603AB9B00B8B280 /* ScrollViewIndicatorsView.swift */; };
		F2568D3F2603ADA700B8B280 /* UppercasedTextFieldView.swift in Sources */ = {isa = PBXBuildFile; fileRef = F2568D3E2603ADA700B8B280 /* UppercasedTextFieldView.swift */; };
		F2568D422603AFB600B8B280 /* TextFieldFormatterView.swift in Sources */ = {isa = PBXBuildFile; fileRef = F2568D412603AFB600B8B280 /* TextFieldFormatterView.swift */; };
		F26F6F3F261E01D400E3A7BE /* ListStyleView.swift in Sources */ = {isa = PBXBuildFile; fileRef = F26F6F3E261E01D400E3A7BE /* ListStyleView.swift */; };
/* End PBXBuildFile section */

/* Begin PBXFileReference section */
		F212004427C966150091101A /* iOS.app */ = {isa = PBXFileReference; explicitFileType = wrapper.application; includeInIndex = 0; path = iOS.app; sourceTree = BUILT_PRODUCTS_DIR; };
		F212004627C966150091101A /* iOSApp.swift */ = {isa = PBXFileReference; lastKnownFileType = sourcecode.swift; path = iOSApp.swift; sourceTree = "<group>"; };
		F212004A27C966180091101A /* Assets.xcassets */ = {isa = PBXFileReference; lastKnownFileType = folder.assetcatalog; path = Assets.xcassets; sourceTree = "<group>"; };
		F212004D27C966180091101A /* Preview Assets.xcassets */ = {isa = PBXFileReference; lastKnownFileType = folder.assetcatalog; path = "Preview Assets.xcassets"; sourceTree = "<group>"; };
		F212005227C966710091101A /* NestedButtonStyleExample.swift */ = {isa = PBXFileReference; lastKnownFileType = sourcecode.swift; path = NestedButtonStyleExample.swift; sourceTree = "<group>"; };
		F2568D1F2603A69400B8B280 /* macOS.app */ = {isa = PBXFileReference; explicitFileType = wrapper.application; includeInIndex = 0; path = macOS.app; sourceTree = BUILT_PRODUCTS_DIR; };
		F2568D212603A69400B8B280 /* macOSApp.swift */ = {isa = PBXFileReference; lastKnownFileType = sourcecode.swift; path = macOSApp.swift; sourceTree = "<group>"; };
		F2568D232603A69400B8B280 /* CursorUnreliableView.swift */ = {isa = PBXFileReference; lastKnownFileType = sourcecode.swift; path = CursorUnreliableView.swift; sourceTree = "<group>"; };
		F2568D2A2603A69400B8B280 /* Info.plist */ = {isa = PBXFileReference; lastKnownFileType = text.plist.xml; path = Info.plist; sourceTree = "<group>"; };
		F2568D2B2603A69400B8B280 /* macOS.entitlements */ = {isa = PBXFileReference; lastKnownFileType = text.plist.entitlements; path = macOS.entitlements; sourceTree = "<group>"; };
		F2568D362603AAED00B8B280 /* NestedHoverView.swift */ = {isa = PBXFileReference; fileEncoding = 4; lastKnownFileType = sourcecode.swift; path = NestedHoverView.swift; sourceTree = "<group>"; };
		F2568D392603AB9B00B8B280 /* ScrollViewIndicatorsView.swift */ = {isa = PBXFileReference; lastKnownFileType = sourcecode.swift; path = ScrollViewIndicatorsView.swift; sourceTree = "<group>"; };
		F2568D3E2603ADA700B8B280 /* UppercasedTextFieldView.swift */ = {isa = PBXFileReference; lastKnownFileType = sourcecode.swift; path = UppercasedTextFieldView.swift; sourceTree = "<group>"; };
		F2568D412603AFB600B8B280 /* TextFieldFormatterView.swift */ = {isa = PBXFileReference; lastKnownFileType = sourcecode.swift; path = TextFieldFormatterView.swift; sourceTree = "<group>"; };
		F26F6F3E261E01D400E3A7BE /* ListStyleView.swift */ = {isa = PBXFileReference; lastKnownFileType = sourcecode.swift; path = ListStyleView.swift; sourceTree = "<group>"; };
/* End PBXFileReference section */

/* Begin PBXFrameworksBuildPhase section */
		F212004127C966150091101A /* Frameworks */ = {
			isa = PBXFrameworksBuildPhase;
			buildActionMask = 2147483647;
			files = (
			);
			runOnlyForDeploymentPostprocessing = 0;
		};
		F2568D1C2603A69400B8B280 /* Frameworks */ = {
			isa = PBXFrameworksBuildPhase;
			buildActionMask = 2147483647;
			files = (
			);
			runOnlyForDeploymentPostprocessing = 0;
		};
/* End PBXFrameworksBuildPhase section */

/* Begin PBXGroup section */
		F212004527C966150091101A /* iOS */ = {
			isa = PBXGroup;
			children = (
				F212004627C966150091101A /* iOSApp.swift */,
				F212005227C966710091101A /* NestedButtonStyleExample.swift */,
				F212004A27C966180091101A /* Assets.xcassets */,
				F212004C27C966180091101A /* Preview Content */,
			);
			path = iOS;
			sourceTree = "<group>";
		};
		F212004C27C966180091101A /* Preview Content */ = {
			isa = PBXGroup;
			children = (
				F212004D27C966180091101A /* Preview Assets.xcassets */,
			);
			path = "Preview Content";
			sourceTree = "<group>";
		};
		F2568CE82603A63800B8B280 = {
			isa = PBXGroup;
			children = (
				F2568D202603A69400B8B280 /* macOS */,
				F212004527C966150091101A /* iOS */,
				F2568CF22603A63800B8B280 /* Products */,
			);
			sourceTree = "<group>";
		};
		F2568CF22603A63800B8B280 /* Products */ = {
			isa = PBXGroup;
			children = (
				F2568D1F2603A69400B8B280 /* macOS.app */,
				F212004427C966150091101A /* iOS.app */,
			);
			name = Products;
			sourceTree = "<group>";
		};
		F2568D202603A69400B8B280 /* macOS */ = {
			isa = PBXGroup;
			children = (
				F2568D212603A69400B8B280 /* macOSApp.swift */,
				F2568D232603A69400B8B280 /* CursorUnreliableView.swift */,
				F2568D392603AB9B00B8B280 /* ScrollViewIndicatorsView.swift */,
				F2568D3E2603ADA700B8B280 /* UppercasedTextFieldView.swift */,
				F2568D412603AFB600B8B280 /* TextFieldFormatterView.swift */,
				F2568D362603AAED00B8B280 /* NestedHoverView.swift */,
				F26F6F3E261E01D400E3A7BE /* ListStyleView.swift */,
				F2568D2A2603A69400B8B280 /* Info.plist */,
				F2568D2B2603A69400B8B280 /* macOS.entitlements */,
			);
			path = macOS;
			sourceTree = "<group>";
		};
/* End PBXGroup section */

/* Begin PBXNativeTarget section */
		F212004327C966150091101A /* iOS */ = {
			isa = PBXNativeTarget;
			buildConfigurationList = F212005127C966180091101A /* Build configuration list for PBXNativeTarget "iOS" */;
			buildPhases = (
				F212004027C966150091101A /* Sources */,
				F212004127C966150091101A /* Frameworks */,
				F212004227C966150091101A /* Resources */,
			);
			buildRules = (
			);
			dependencies = (
			);
			name = iOS;
			productName = iOS;
			productReference = F212004427C966150091101A /* iOS.app */;
			productType = "com.apple.product-type.application";
		};
		F2568D1E2603A69400B8B280 /* macOS */ = {
			isa = PBXNativeTarget;
			buildConfigurationList = F2568D2C2603A69400B8B280 /* Build configuration list for PBXNativeTarget "macOS" */;
			buildPhases = (
				F2568D1B2603A69400B8B280 /* Sources */,
				F2568D1C2603A69400B8B280 /* Frameworks */,
				F2568D1D2603A69400B8B280 /* Resources */,
			);
			buildRules = (
			);
			dependencies = (
			);
			name = macOS;
			productName = macOS;
			productReference = F2568D1F2603A69400B8B280 /* macOS.app */;
			productType = "com.apple.product-type.application";
		};
/* End PBXNativeTarget section */

/* Begin PBXProject section */
		F2568CE92603A63800B8B280 /* Project object */ = {
			isa = PBXProject;
			attributes = {
				LastSwiftUpdateCheck = 1320;
				LastUpgradeCheck = 1240;
				TargetAttributes = {
					F212004327C966150091101A = {
						CreatedOnToolsVersion = 13.2.1;
					};
					F2568D1E2603A69400B8B280 = {
						CreatedOnToolsVersion = 12.4;
					};
				};
			};
			buildConfigurationList = F2568CEC2603A63800B8B280 /* Build configuration list for PBXProject "Examples" */;
			compatibilityVersion = "Xcode 9.3";
			developmentRegion = en;
			hasScannedForEncodings = 0;
			knownRegions = (
				en,
				Base,
			);
			mainGroup = F2568CE82603A63800B8B280;
			productRefGroup = F2568CF22603A63800B8B280 /* Products */;
			projectDirPath = "";
			projectRoot = "";
			targets = (
				F2568D1E2603A69400B8B280 /* macOS */,
				F212004327C966150091101A /* iOS */,
			);
		};
/* End PBXProject section */

/* Begin PBXResourcesBuildPhase section */
		F212004227C966150091101A /* Resources */ = {
			isa = PBXResourcesBuildPhase;
			buildActionMask = 2147483647;
			files = (
				F212004E27C966180091101A /* Preview Assets.xcassets in Resources */,
				F212004B27C966180091101A /* Assets.xcassets in Resources */,
			);
			runOnlyForDeploymentPostprocessing = 0;
		};
		F2568D1D2603A69400B8B280 /* Resources */ = {
			isa = PBXResourcesBuildPhase;
			buildActionMask = 2147483647;
			files = (
			);
			runOnlyForDeploymentPostprocessing = 0;
		};
/* End PBXResourcesBuildPhase section */

/* Begin PBXSourcesBuildPhase section */
		F212004027C966150091101A /* Sources */ = {
			isa = PBXSourcesBuildPhase;
			buildActionMask = 2147483647;
			files = (
				F212005327C966710091101A /* NestedButtonStyleExample.swift in Sources */,
				F212004727C966150091101A /* iOSApp.swift in Sources */,
			);
			runOnlyForDeploymentPostprocessing = 0;
		};
		F2568D1B2603A69400B8B280 /* Sources */ = {
			isa = PBXSourcesBuildPhase;
			buildActionMask = 2147483647;
			files = (
				F2568D242603A69400B8B280 /* CursorUnreliableView.swift in Sources */,
				F2568D372603AAED00B8B280 /* NestedHoverView.swift in Sources */,
				F2568D3A2603AB9B00B8B280 /* ScrollViewIndicatorsView.swift in Sources */,
				F2568D422603AFB600B8B280 /* TextFieldFormatterView.swift in Sources */,
				F26F6F3F261E01D400E3A7BE /* ListStyleView.swift in Sources */,
				F2568D3F2603ADA700B8B280 /* UppercasedTextFieldView.swift in Sources */,
				F2568D222603A69400B8B280 /* macOSApp.swift in Sources */,
			);
			runOnlyForDeploymentPostprocessing = 0;
		};
/* End PBXSourcesBuildPhase section */

/* Begin XCBuildConfiguration section */
		F212004F27C966180091101A /* Debug */ = {
			isa = XCBuildConfiguration;
			buildSettings = {
				ASSETCATALOG_COMPILER_APPICON_NAME = AppIcon;
				ASSETCATALOG_COMPILER_GLOBAL_ACCENT_COLOR_NAME = AccentColor;
				CLANG_CXX_LANGUAGE_STANDARD = "gnu++17";
				CODE_SIGN_STYLE = Automatic;
				CURRENT_PROJECT_VERSION = 1;
				DEVELOPMENT_ASSET_PATHS = "\"iOS/Preview Content\"";
				ENABLE_PREVIEWS = YES;
				GENERATE_INFOPLIST_FILE = YES;
				INFOPLIST_KEY_UIApplicationSceneManifest_Generation = YES;
				INFOPLIST_KEY_UIApplicationSupportsIndirectInputEvents = YES;
				INFOPLIST_KEY_UILaunchScreen_Generation = YES;
				INFOPLIST_KEY_UISupportedInterfaceOrientations_iPad = "UIInterfaceOrientationPortrait UIInterfaceOrientationPortraitUpsideDown UIInterfaceOrientationLandscapeLeft UIInterfaceOrientationLandscapeRight";
				INFOPLIST_KEY_UISupportedInterfaceOrientations_iPhone = "UIInterfaceOrientationPortrait UIInterfaceOrientationLandscapeLeft UIInterfaceOrientationLandscapeRight";
				IPHONEOS_DEPLOYMENT_TARGET = 15.2;
				LD_RUNPATH_SEARCH_PATHS = (
					"$(inherited)",
					"@executable_path/Frameworks",
				);
				MARKETING_VERSION = 1.0;
				PRODUCT_BUNDLE_IDENTIFIER = com.flaviocaetano.iOS;
				PRODUCT_NAME = "$(TARGET_NAME)";
				SDKROOT = iphoneos;
				SWIFT_EMIT_LOC_STRINGS = YES;
				SWIFT_VERSION = 5.0;
				TARGETED_DEVICE_FAMILY = "1,2";
			};
			name = Debug;
		};
		F212005027C966180091101A /* Release */ = {
			isa = XCBuildConfiguration;
			buildSettings = {
				ASSETCATALOG_COMPILER_APPICON_NAME = AppIcon;
				ASSETCATALOG_COMPILER_GLOBAL_ACCENT_COLOR_NAME = AccentColor;
				CLANG_CXX_LANGUAGE_STANDARD = "gnu++17";
				CODE_SIGN_STYLE = Automatic;
				CURRENT_PROJECT_VERSION = 1;
				DEVELOPMENT_ASSET_PATHS = "\"iOS/Preview Content\"";
				ENABLE_PREVIEWS = YES;
				GENERATE_INFOPLIST_FILE = YES;
				INFOPLIST_KEY_UIApplicationSceneManifest_Generation = YES;
				INFOPLIST_KEY_UIApplicationSupportsIndirectInputEvents = YES;
				INFOPLIST_KEY_UILaunchScreen_Generation = YES;
				INFOPLIST_KEY_UISupportedInterfaceOrientations_iPad = "UIInterfaceOrientationPortrait UIInterfaceOrientationPortraitUpsideDown UIInterfaceOrientationLandscapeLeft UIInterfaceOrientationLandscapeRight";
				INFOPLIST_KEY_UISupportedInterfaceOrientations_iPhone = "UIInterfaceOrientationPortrait UIInterfaceOrientationLandscapeLeft UIInterfaceOrientationLandscapeRight";
				IPHONEOS_DEPLOYMENT_TARGET = 15.2;
				LD_RUNPATH_SEARCH_PATHS = (
					"$(inherited)",
					"@executable_path/Frameworks",
				);
				MARKETING_VERSION = 1.0;
				PRODUCT_BUNDLE_IDENTIFIER = com.flaviocaetano.iOS;
				PRODUCT_NAME = "$(TARGET_NAME)";
				SDKROOT = iphoneos;
				SWIFT_EMIT_LOC_STRINGS = YES;
				SWIFT_VERSION = 5.0;
				TARGETED_DEVICE_FAMILY = "1,2";
				VALIDATE_PRODUCT = YES;
			};
			name = Release;
		};
		F2568CFF2603A63900B8B280 /* Debug */ = {
			isa = XCBuildConfiguration;
			buildSettings = {
				ALWAYS_SEARCH_USER_PATHS = NO;
				CLANG_ANALYZER_NONNULL = YES;
				CLANG_ANALYZER_NUMBER_OBJECT_CONVERSION = YES_AGGRESSIVE;
				CLANG_CXX_LANGUAGE_STANDARD = "gnu++14";
				CLANG_CXX_LIBRARY = "libc++";
				CLANG_ENABLE_MODULES = YES;
				CLANG_ENABLE_OBJC_ARC = YES;
				CLANG_ENABLE_OBJC_WEAK = YES;
				CLANG_WARN_BLOCK_CAPTURE_AUTORELEASING = YES;
				CLANG_WARN_BOOL_CONVERSION = YES;
				CLANG_WARN_COMMA = YES;
				CLANG_WARN_CONSTANT_CONVERSION = YES;
				CLANG_WARN_DEPRECATED_OBJC_IMPLEMENTATIONS = YES;
				CLANG_WARN_DIRECT_OBJC_ISA_USAGE = YES_ERROR;
				CLANG_WARN_DOCUMENTATION_COMMENTS = YES;
				CLANG_WARN_EMPTY_BODY = YES;
				CLANG_WARN_ENUM_CONVERSION = YES;
				CLANG_WARN_INFINITE_RECURSION = YES;
				CLANG_WARN_INT_CONVERSION = YES;
				CLANG_WARN_NON_LITERAL_NULL_CONVERSION = YES;
				CLANG_WARN_OBJC_IMPLICIT_RETAIN_SELF = YES;
				CLANG_WARN_OBJC_LITERAL_CONVERSION = YES;
				CLANG_WARN_OBJC_ROOT_CLASS = YES_ERROR;
				CLANG_WARN_QUOTED_INCLUDE_IN_FRAMEWORK_HEADER = YES;
				CLANG_WARN_RANGE_LOOP_ANALYSIS = YES;
				CLANG_WARN_STRICT_PROTOTYPES = YES;
				CLANG_WARN_SUSPICIOUS_MOVE = YES;
				CLANG_WARN_UNGUARDED_AVAILABILITY = YES_AGGRESSIVE;
				CLANG_WARN_UNREACHABLE_CODE = YES;
				CLANG_WARN__DUPLICATE_METHOD_MATCH = YES;
				COPY_PHASE_STRIP = NO;
				DEBUG_INFORMATION_FORMAT = dwarf;
				ENABLE_STRICT_OBJC_MSGSEND = YES;
				ENABLE_TESTABILITY = YES;
				GCC_C_LANGUAGE_STANDARD = gnu11;
				GCC_DYNAMIC_NO_PIC = NO;
				GCC_NO_COMMON_BLOCKS = YES;
				GCC_OPTIMIZATION_LEVEL = 0;
				GCC_PREPROCESSOR_DEFINITIONS = (
					"DEBUG=1",
					"$(inherited)",
				);
				GCC_WARN_64_TO_32_BIT_CONVERSION = YES;
				GCC_WARN_ABOUT_RETURN_TYPE = YES_ERROR;
				GCC_WARN_UNDECLARED_SELECTOR = YES;
				GCC_WARN_UNINITIALIZED_AUTOS = YES_AGGRESSIVE;
				GCC_WARN_UNUSED_FUNCTION = YES;
				GCC_WARN_UNUSED_VARIABLE = YES;
				MACOSX_DEPLOYMENT_TARGET = 11.1;
				MTL_ENABLE_DEBUG_INFO = INCLUDE_SOURCE;
				MTL_FAST_MATH = YES;
				ONLY_ACTIVE_ARCH = YES;
				SDKROOT = macosx;
				SWIFT_ACTIVE_COMPILATION_CONDITIONS = DEBUG;
				SWIFT_OPTIMIZATION_LEVEL = "-Onone";
			};
			name = Debug;
		};
		F2568D002603A63900B8B280 /* Release */ = {
			isa = XCBuildConfiguration;
			buildSettings = {
				ALWAYS_SEARCH_USER_PATHS = NO;
				CLANG_ANALYZER_NONNULL = YES;
				CLANG_ANALYZER_NUMBER_OBJECT_CONVERSION = YES_AGGRESSIVE;
				CLANG_CXX_LANGUAGE_STANDARD = "gnu++14";
				CLANG_CXX_LIBRARY = "libc++";
				CLANG_ENABLE_MODULES = YES;
				CLANG_ENABLE_OBJC_ARC = YES;
				CLANG_ENABLE_OBJC_WEAK = YES;
				CLANG_WARN_BLOCK_CAPTURE_AUTORELEASING = YES;
				CLANG_WARN_BOOL_CONVERSION = YES;
				CLANG_WARN_COMMA = YES;
				CLANG_WARN_CONSTANT_CONVERSION = YES;
				CLANG_WARN_DEPRECATED_OBJC_IMPLEMENTATIONS = YES;
				CLANG_WARN_DIRECT_OBJC_ISA_USAGE = YES_ERROR;
				CLANG_WARN_DOCUMENTATION_COMMENTS = YES;
				CLANG_WARN_EMPTY_BODY = YES;
				CLANG_WARN_ENUM_CONVERSION = YES;
				CLANG_WARN_INFINITE_RECURSION = YES;
				CLANG_WARN_INT_CONVERSION = YES;
				CLANG_WARN_NON_LITERAL_NULL_CONVERSION = YES;
				CLANG_WARN_OBJC_IMPLICIT_RETAIN_SELF = YES;
				CLANG_WARN_OBJC_LITERAL_CONVERSION = YES;
				CLANG_WARN_OBJC_ROOT_CLASS = YES_ERROR;
				CLANG_WARN_QUOTED_INCLUDE_IN_FRAMEWORK_HEADER = YES;
				CLANG_WARN_RANGE_LOOP_ANALYSIS = YES;
				CLANG_WARN_STRICT_PROTOTYPES = YES;
				CLANG_WARN_SUSPICIOUS_MOVE = YES;
				CLANG_WARN_UNGUARDED_AVAILABILITY = YES_AGGRESSIVE;
				CLANG_WARN_UNREACHABLE_CODE = YES;
				CLANG_WARN__DUPLICATE_METHOD_MATCH = YES;
				COPY_PHASE_STRIP = NO;
				DEBUG_INFORMATION_FORMAT = "dwarf-with-dsym";
				ENABLE_NS_ASSERTIONS = NO;
				ENABLE_STRICT_OBJC_MSGSEND = YES;
				GCC_C_LANGUAGE_STANDARD = gnu11;
				GCC_NO_COMMON_BLOCKS = YES;
				GCC_WARN_64_TO_32_BIT_CONVERSION = YES;
				GCC_WARN_ABOUT_RETURN_TYPE = YES_ERROR;
				GCC_WARN_UNDECLARED_SELECTOR = YES;
				GCC_WARN_UNINITIALIZED_AUTOS = YES_AGGRESSIVE;
				GCC_WARN_UNUSED_FUNCTION = YES;
				GCC_WARN_UNUSED_VARIABLE = YES;
				MACOSX_DEPLOYMENT_TARGET = 11.1;
				MTL_ENABLE_DEBUG_INFO = NO;
				MTL_FAST_MATH = YES;
				SDKROOT = macosx;
				SWIFT_COMPILATION_MODE = wholemodule;
				SWIFT_OPTIMIZATION_LEVEL = "-O";
			};
			name = Release;
		};
		F2568D2D2603A69400B8B280 /* Debug */ = {
			isa = XCBuildConfiguration;
			buildSettings = {
				ASSETCATALOG_COMPILER_APPICON_NAME = AppIcon;
				ASSETCATALOG_COMPILER_GLOBAL_ACCENT_COLOR_NAME = AccentColor;
				CODE_SIGN_ENTITLEMENTS = macOS/macOS.entitlements;
				CODE_SIGN_STYLE = Automatic;
				COMBINE_HIDPI_IMAGES = YES;
				ENABLE_PREVIEWS = YES;
				INFOPLIST_FILE = macOS/Info.plist;
				LD_RUNPATH_SEARCH_PATHS = (
					"$(inherited)",
					"@executable_path/../Frameworks",
				);
				MACOSX_DEPLOYMENT_TARGET = 11.0;
				PRODUCT_BUNDLE_IDENTIFIER = com.flaviocaetano.macOS;
				PRODUCT_NAME = "$(TARGET_NAME)";
				SWIFT_VERSION = 5.0;
			};
			name = Debug;
		};
		F2568D2E2603A69400B8B280 /* Release */ = {
			isa = XCBuildConfiguration;
			buildSettings = {
				ASSETCATALOG_COMPILER_APPICON_NAME = AppIcon;
				ASSETCATALOG_COMPILER_GLOBAL_ACCENT_COLOR_NAME = AccentColor;
				CODE_SIGN_ENTITLEMENTS = macOS/macOS.entitlements;
				CODE_SIGN_STYLE = Automatic;
				COMBINE_HIDPI_IMAGES = YES;
				ENABLE_PREVIEWS = YES;
				INFOPLIST_FILE = macOS/Info.plist;
				LD_RUNPATH_SEARCH_PATHS = (
					"$(inherited)",
					"@executable_path/../Frameworks",
				);
				MACOSX_DEPLOYMENT_TARGET = 11.0;
				PRODUCT_BUNDLE_IDENTIFIER = com.flaviocaetano.macOS;
				PRODUCT_NAME = "$(TARGET_NAME)";
				SWIFT_VERSION = 5.0;
			};
			name = Release;
		};
/* End XCBuildConfiguration section */

/* Begin XCConfigurationList section */
		F212005127C966180091101A /* Build configuration list for PBXNativeTarget "iOS" */ = {
			isa = XCConfigurationList;
			buildConfigurations = (
				F212004F27C966180091101A /* Debug */,
				F212005027C966180091101A /* Release */,
			);
			defaultConfigurationIsVisible = 0;
			defaultConfigurationName = Release;
		};
		F2568CEC2603A63800B8B280 /* Build configuration list for PBXProject "Examples" */ = {
			isa = XCConfigurationList;
			buildConfigurations = (
				F2568CFF2603A63900B8B280 /* Debug */,
				F2568D002603A63900B8B280 /* Release */,
			);
			defaultConfigurationIsVisible = 0;
			defaultConfigurationName = Release;
		};
		F2568D2C2603A69400B8B280 /* Build configuration list for PBXNativeTarget "macOS" */ = {
			isa = XCConfigurationList;
			buildConfigurations = (
				F2568D2D2603A69400B8B280 /* Debug */,
				F2568D2E2603A69400B8B280 /* Release */,
			);
			defaultConfigurationIsVisible = 0;
			defaultConfigurationName = Release;
		};
/* End XCConfigurationList section */
	};
	rootObject = F2568CE92603A63800B8B280 /* Project object */;
}
